
Microsoft Visual Studio Solution File, Format Version 12.00
# Visual Studio Version 16
VisualStudioVersion = 16.0.31313.79
MinimumVisualStudioVersion = 10.0.40219.1
Project("{FAE04EC0-301F-11D3-BF4B-00C04F79EFBC}") = "WebUI", "WebUI\WebUI.csproj", "{F7820C74-CD6E-48BD-AAE7-03359A9DDADF}"
EndProject
Project("{FAE04EC0-301F-11D3-BF4B-00C04F79EFBC}") = "Scrbll.Api", "Scrbll.Api\Scrbll.Api.csproj", "{B2660E58-EFA5-405A-8D69-007277D2ED09}"
EndProject
Global
	GlobalSection(SolutionConfigurationPlatforms) = preSolution
		Debug|Any CPU = Debug|Any CPU
		Release|Any CPU = Release|Any CPU
	EndGlobalSection
	GlobalSection(ProjectConfigurationPlatforms) = postSolution
		{F7820C74-CD6E-48BD-AAE7-03359A9DDADF}.Debug|Any CPU.ActiveCfg = Debug|Any CPU
		{F7820C74-CD6E-48BD-AAE7-03359A9DDADF}.Debug|Any CPU.Build.0 = Debug|Any CPU
		{F7820C74-CD6E-48BD-AAE7-03359A9DDADF}.Release|Any CPU.ActiveCfg = Release|Any CPU
		{F7820C74-CD6E-48BD-AAE7-03359A9DDADF}.Release|Any CPU.Build.0 = Release|Any CPU
		{B2660E58-EFA5-405A-8D69-007277D2ED09}.Debug|Any CPU.ActiveCfg = Debug|Any CPU
		{B2660E58-EFA5-405A-8D69-007277D2ED09}.Debug|Any CPU.Build.0 = Debug|Any CPU
		{B2660E58-EFA5-405A-8D69-007277D2ED09}.Release|Any CPU.ActiveCfg = Release|Any CPU
		{B2660E58-EFA5-405A-8D69-007277D2ED09}.Release|Any CPU.Build.0 = Release|Any CPU
	EndGlobalSection
	GlobalSection(SolutionProperties) = preSolution
		HideSolutionNode = FALSE
	EndGlobalSection
	GlobalSection(ExtensibilityGlobals) = postSolution
		SolutionGuid = {D6CD7429-77E6-410E-B612-2417A7B42406}
	EndGlobalSection
EndGlobal
